lockfileVersion: '9.0'

settings:
  autoInstallPeers: true
  excludeLinksFromLockfile: false

importers:

  .:
    devDependencies:
      '@eslint/js':
        specifier: ^9.32.0
        version: 9.32.0

packages:

  '@eslint/js@9.32.0':
    resolution: {integrity: sha512-BBpRFZK3eX6uMLKz8WxFOBIFFcGFJ/g8XuwjTHCqHROSIsopI+ddn/d5Cfh36+7+e5edVS8dbSHnBNhrLEX0zg==}
    engines: {node: ^18.18.0 || ^20.9.0 || >=21.1.0}

snapshots:

  '@eslint/js@9.32.0': {}
